Microsoft Visual Studio Solution File, Format Version 12.00
# Visual Studio Version 17
VisualStudioVersion = 17.5.2.0
MinimumVisualStudioVersion = 10.0.40219.1
Project("{FAE04EC0-301F-11D3-BF4B-00C04F79EFBC}") = "BergenCollectionApi", "backend\BergenCollectionApi.csproj", "{2761D9E4-76DA-ACC7-C197-D561EE162368}"
EndProject
Global
	GlobalSection(SolutionConfigurationPlatforms) = preSolution
		Debug|Any CPU = Debug|Any CPU
		Release|Any CPU = Release|Any CPU
	EndGlobalSection
	GlobalSection(ProjectConfigurationPlatforms) = postSolution
		{2761D9E4-76DA-ACC7-C197-D561EE162368}.Debug|Any CPU.ActiveCfg = Debug|Any CPU
		{2761D9E4-76DA-ACC7-C197-D561EE162368}.Debug|Any CPU.Build.0 = Debug|Any CPU
		{2761D9E4-76DA-ACC7-C197-D561EE162368}.Release|Any CPU.ActiveCfg = Release|Any CPU
		{2761D9E4-76DA-ACC7-C197-D561EE162368}.Release|Any CPU.Build.0 = Release|Any CPU
	EndGlobalSection
	GlobalSection(SolutionProperties) = preSolution
		HideSolutionNode = FALSE
	EndGlobalSection
	GlobalSection(ExtensibilityGlobals) = postSolution
		SolutionGuid = {F49D937F-5352-421D-B78A-9B0BA12E0C5B}
	EndGlobalSection
EndGlobal
